// !$*UTF8*$!
{
	archiveVersion = 1;
	classes = {
	};
	objectVersion = 52;
	objects = {

/* Begin PBXBuildFile section */
		1808C05E2588E6AA00860799 /* Meadow in Frameworks */ = {isa = PBXBuildFile; productRef = 1808C05D2588E6AA00860799 /* Meadow */; };
		1808C0622588E70E00860799 /* Meadow in Frameworks */ = {isa = PBXBuildFile; productRef = 1808C0612588E70E00860799 /* Meadow */; };
		18248F5325A8988F00B98624 /* ApplicationSplashScreenCoordinator.swift in Sources */ = {isa = PBXBuildFile; fileRef = 18EDDC5225A89368007AC631 /* ApplicationSplashScreenCoordinator.swift */; };
		18547F7825A60785006ADD6C /* AppCoordinator.swift in Sources */ = {isa = PBXBuildFile; fileRef = 18547F7725A60785006ADD6C /* AppCoordinator.swift */; };
		18547F7E25A60988006ADD6C /* TypeAliases.swift in Sources */ = {isa = PBXBuildFile; fileRef = 18547F7D25A60988006ADD6C /* TypeAliases.swift */; };
		18547F8125A60A10006ADD6C /* TypeAliases.swift in Sources */ = {isa = PBXBuildFile; fileRef = 18547F7D25A60988006ADD6C /* TypeAliases.swift */; };
		18547F8425A60F38006ADD6C /* AppCoordinator.swift in Sources */ = {isa = PBXBuildFile; fileRef = 18547F7725A60785006ADD6C /* AppCoordinator.swift */; };
		1861A6102611D9A700D9C549 /* SceneCoordinator.swift in Sources */ = {isa = PBXBuildFile; fileRef = 1861A60F2611D9A700D9C549 /* SceneCoordinator.swift */; };
		1861A6132611DA0300D9C549 /* SceneCoordinator.swift in Sources */ = {isa = PBXBuildFile; fileRef = 1861A60F2611D9A700D9C549 /* SceneCoordinator.swift */; };
		1877CD7B25A5FAFF001CC663 /* Coordinator.swift in Sources */ = {isa = PBXBuildFile; fileRef = 1877CD7A25A5FAFF001CC663 /* Coordinator.swift */; };
		1877CD7C25A5FAFF001CC663 /* Coordinator.swift in Sources */ = {isa = PBXBuildFile; fileRef = 1877CD7A25A5FAFF001CC663 /* Coordinator.swift */; };
		1877CD8125A5FB2D001CC663 /* Responder.swift in Sources */ = {isa = PBXBuildFile; fileRef = 1877CD8025A5FB2D001CC663 /* Responder.swift */; };
		1877CD8225A5FB2D001CC663 /* Responder.swift in Sources */ = {isa = PBXBuildFile; fileRef = 1877CD8025A5FB2D001CC663 /* Responder.swift */; };
		18B3D689260392A5003EF99F /* ViewCoordinator.swift in Sources */ = {isa = PBXBuildFile; fileRef = 18B3D688260392A5003EF99F /* ViewCoordinator.swift */; };
		18B3D68E26039364003EF99F /* ViewCoordinator.swift in Sources */ = {isa = PBXBuildFile; fileRef = 18B3D688260392A5003EF99F /* ViewCoordinator.swift */; };
		18B3D69226039D24003EF99F /* DeveloperSplashScreenCoordinator.swift in Sources */ = {isa = PBXBuildFile; fileRef = 18B3D69126039D24003EF99F /* DeveloperSplashScreenCoordinator.swift */; };
		18B3D69526039D26003EF99F /* DeveloperSplashScreenCoordinator.swift in Sources */ = {isa = PBXBuildFile; fileRef = 18B3D69126039D24003EF99F /* DeveloperSplashScreenCoordinator.swift */; };
		18C804442588E5B7006AF32F /* AppDelegate.swift in Sources */ = {isa = PBXBuildFile; fileRef = 18C804432588E5B7006AF32F /* AppDelegate.swift */; };
		18C804462588E5B7006AF32F /* GameViewController.swift in Sources */ = {isa = PBXBuildFile; fileRef = 18C804452588E5B7006AF32F /* GameViewController.swift */; };
		18C804492588E5B7006AF32F /* Main.storyboard in Resources */ = {isa = PBXBuildFile; fileRef = 18C804472588E5B7006AF32F /* Main.storyboard */; };
		18C8044C2588E5B7006AF32F /* LaunchScreen.storyboard in Resources */ = {isa = PBXBuildFile; fileRef = 18C8044A2588E5B7006AF32F /* LaunchScreen.storyboard */; };
		18C804552588E5B7006AF32F /* AppDelegate.swift in Sources */ = {isa = PBXBuildFile; fileRef = 18C804542588E5B7006AF32F /* AppDelegate.swift */; };
		18C804572588E5B7006AF32F /* GameViewController.swift in Sources */ = {isa = PBXBuildFile; fileRef = 18C804562588E5B7006AF32F /* GameViewController.swift */; };
		18C8045A2588E5B7006AF32F /* Main.storyboard in Resources */ = {isa = PBXBuildFile; fileRef = 18C804582588E5B7006AF32F /* Main.storyboard */; };
		18C804632588E5B7006AF32F /* Assets.xcassets in Resources */ = {isa = PBXBuildFile; fileRef = 18C8043B2588E5B7006AF32F /* Assets.xcassets */; };
		18C804642588E5B7006AF32F /* Assets.xcassets in Resources */ = {isa = PBXBuildFile; fileRef = 18C8043B2588E5B7006AF32F /* Assets.xcassets */; };
		18E8875D264527EA00D8FF7B /* ExampleView.swift in Sources */ = {isa = PBXBuildFile; fileRef = 18E8875C264527EA00D8FF7B /* ExampleView.swift */; };
		18E8875E264527EA00D8FF7B /* ExampleView.swift in Sources */ = {isa = PBXBuildFile; fileRef = 18E8875C264527EA00D8FF7B /* ExampleView.swift */; };
		18E8876A2645286D00D8FF7B /* MouseObserver.swift in Sources */ = {isa = PBXBuildFile; fileRef = 18E887632645286D00D8FF7B /* MouseObserver.swift */; };
		18E8876B2645286D00D8FF7B /* MouseObserver.swift in Sources */ = {isa = PBXBuildFile; fileRef = 18E887632645286D00D8FF7B /* MouseObserver.swift */; };
		18EDDC5325A89368007AC631 /* ApplicationSplashScreenCoordinator.swift in Sources */ = {isa = PBXBuildFile; fileRef = 18EDDC5225A89368007AC631 /* ApplicationSplashScreenCoordinator.swift */; };
/* End PBXBuildFile section */

/* Begin PBXFileReference section */
		1808C0592588E6A200860799 /* Meadow */ = {isa = PBXFileReference; lastKnownFileType = folder; name = Meadow; path = ..; sourceTree = "<group>"; };
		18547F7725A60785006ADD6C /* AppCoordinator.swift */ = {isa = PBXFileReference; lastKnownFileType = sourcecode.swift; path = AppCoordinator.swift; sourceTree = "<group>"; };
		18547F7D25A60988006ADD6C /* TypeAliases.swift */ = {isa = PBXFileReference; lastKnownFileType = sourcecode.swift; path = TypeAliases.swift; sourceTree = "<group>"; };
		1861A60F2611D9A700D9C549 /* SceneCoordinator.swift */ = {isa = PBXFileReference; lastKnownFileType = sourcecode.swift; path = SceneCoordinator.swift; sourceTree = "<group>"; };
		1877CD7A25A5FAFF001CC663 /* Coordinator.swift */ = {isa = PBXFileReference; fileEncoding = 4; lastKnownFileType = sourcecode.swift; path = Coordinator.swift; sourceTree = "<group>"; };
		1877CD8025A5FB2D001CC663 /* Responder.swift */ = {isa = PBXFileReference; fileEncoding = 4; lastKnownFileType = sourcecode.swift; path = Responder.swift; sourceTree = "<group>"; };
		18B3D688260392A5003EF99F /* ViewCoordinator.swift */ = {isa = PBXFileReference; lastKnownFileType = sourcecode.swift; path = ViewCoordinator.swift; sourceTree = "<group>"; };
		18B3D69126039D24003EF99F /* DeveloperSplashScreenCoordinator.swift */ = {isa = PBXFileReference; lastKnownFileType = sourcecode.swift; path = DeveloperSplashScreenCoordinator.swift; sourceTree = "<group>"; };
		18C8043B2588E5B7006AF32F /* Assets.xcassets */ = {isa = PBXFileReference; lastKnownFileType = folder.assetcatalog; path = Assets.xcassets; sourceTree = "<group>"; };
		18C804402588E5B7006AF32F /* Meadow Example.app */ = {isa = PBXFileReference; explicitFileType = wrapper.application; includeInIndex = 0; path = "Meadow Example.app"; sourceTree = BUILT_PRODUCTS_DIR; };
		18C804432588E5B7006AF32F /* AppDelegate.swift */ = {isa = PBXFileReference; lastKnownFileType = sourcecode.swift; path = AppDelegate.swift; sourceTree = "<group>"; };
		18C804452588E5B7006AF32F /* GameViewController.swift */ = {isa = PBXFileReference; lastKnownFileType = sourcecode.swift; path = GameViewController.swift; sourceTree = "<group>"; };
		18C804482588E5B7006AF32F /* Base */ = {isa = PBXFileReference; lastKnownFileType = file.storyboard; name = Base; path = Base.lproj/Main.storyboard; sourceTree = "<group>"; };
		18C8044B2588E5B7006AF32F /* Base */ = {isa = PBXFileReference; lastKnownFileType = file.storyboard; name = Base; path = Base.lproj/LaunchScreen.storyboard; sourceTree = "<group>"; };
		18C8044D2588E5B7006AF32F /* Info.plist */ = {isa = PBXFileReference; lastKnownFileType = text.plist.xml; path = Info.plist; sourceTree = "<group>"; };
		18C804522588E5B7006AF32F /* Meadow Example.app */ = {isa = PBXFileReference; explicitFileType = wrapper.application; includeInIndex = 0; path = "Meadow Example.app"; sourceTree = BUILT_PRODUCTS_DIR; };
		18C804542588E5B7006AF32F /* AppDelegate.swift */ = {isa = PBXFileReference; lastKnownFileType = sourcecode.swift; path = AppDelegate.swift; sourceTree = "<group>"; };
		18C804562588E5B7006AF32F /* GameViewController.swift */ = {isa = PBXFileReference; lastKnownFileType = sourcecode.swift; path = GameViewController.swift; sourceTree = "<group>"; };
		18C804592588E5B7006AF32F /* Base */ = {isa = PBXFileReference; lastKnownFileType = file.storyboard; name = Base; path = Base.lproj/Main.storyboard; sourceTree = "<group>"; };
		18C8045B2588E5B7006AF32F /* Info.plist */ = {isa = PBXFileReference; lastKnownFileType = text.plist.xml; path = Info.plist; sourceTree = "<group>"; };
		18C8045C2588E5B7006AF32F /* Meadow_Example_macOS.entitlements */ = {isa = PBXFileReference; lastKnownFileType = text.plist.entitlements; path = Meadow_Example_macOS.entitlements; sourceTree = "<group>"; };
		18E8875C264527EA00D8FF7B /* ExampleView.swift */ = {isa = PBXFileReference; lastKnownFileType = sourcecode.swift; path = ExampleView.swift; sourceTree = "<group>"; };
		18E887632645286D00D8FF7B /* MouseObserver.swift */ = {isa = PBXFileReference; fileEncoding = 4; lastKnownFileType = sourcecode.swift; path = MouseObserver.swift; sourceTree = "<group>"; };
		18EDDC5225A89368007AC631 /* ApplicationSplashScreenCoordinator.swift */ = {isa = PBXFileReference; lastKnownFileType = sourcecode.swift; path = ApplicationSplashScreenCoordinator.swift; sourceTree = "<group>"; };
/* End PBXFileReference section */

/* Begin PBXFrameworksBuildPhase section */
		18C8043D2588E5B7006AF32F /* Frameworks */ = {
			isa = PBXFrameworksBuildPhase;
			buildActionMask = 2147483647;
			files = (
				1808C05E2588E6AA00860799 /* Meadow in Frameworks */,
			);
			runOnlyForDeploymentPostprocessing = 0;
		};
		18C8044F2588E5B7006AF32F /* Frameworks */ = {
			isa = PBXFrameworksBuildPhase;
			buildActionMask = 2147483647;
			files = (
				1808C0622588E70E00860799 /* Meadow in Frameworks */,
			);
			runOnlyForDeploymentPostprocessing = 0;
		};
/* End PBXFrameworksBuildPhase section */

/* Begin PBXGroup section */
		1808C05C2588E6AA00860799 /* Frameworks */ = {
			isa = PBXGroup;
			children = (
			);
			name = Frameworks;
			sourceTree = "<group>";
		};
		18547F7625A6077A006ADD6C /* App */ = {
			isa = PBXGroup;
			children = (
				18547F7725A60785006ADD6C /* AppCoordinator.swift */,
			);
			path = App;
			sourceTree = "<group>";
		};
		1861A60E2611D99C00D9C549 /* Scene */ = {
			isa = PBXGroup;
			children = (
				1861A60F2611D9A700D9C549 /* SceneCoordinator.swift */,
			);
			path = Scene;
			sourceTree = "<group>";
		};
		1877CD7825A5FAF2001CC663 /* Coordinators */ = {
			isa = PBXGroup;
			children = (
				1861A60E2611D99C00D9C549 /* Scene */,
				18B3D68626039268003EF99F /* View */,
				18EDDC5125A8935C007AC631 /* Splash Screen */,
				18547F7625A6077A006ADD6C /* App */,
				1877CD7925A5FAFF001CC663 /* Coordinator */,
			);
			path = Coordinators;
			sourceTree = "<group>";
		};
		1877CD7925A5FAFF001CC663 /* Coordinator */ = {
			isa = PBXGroup;
			children = (
				1877CD7A25A5FAFF001CC663 /* Coordinator.swift */,
			);
			path = Coordinator;
			sourceTree = "<group>";
		};
		1877CD7F25A5FB25001CC663 /* Extensions */ = {
			isa = PBXGroup;
			children = (
				1877CD8025A5FB2D001CC663 /* Responder.swift */,
			);
			path = Extensions;
			sourceTree = "<group>";
		};
		18B3D68626039268003EF99F /* View */ = {
			isa = PBXGroup;
			children = (
				18B3D688260392A5003EF99F /* ViewCoordinator.swift */,
			);
			path = View;
			sourceTree = "<group>";
		};
		18C804322588E5B6006AF32F = {
			isa = PBXGroup;
			children = (
				1808C0592588E6A200860799 /* Meadow */,
				18C804372588E5B6006AF32F /* Meadow Example Shared */,
				18C804422588E5B7006AF32F /* Meadow Example iOS */,
				18C804532588E5B7006AF32F /* Meadow Example macOS */,
				18C804412588E5B7006AF32F /* Products */,
				1808C05C2588E6AA00860799 /* Frameworks */,
			);
			sourceTree = "<group>";
		};
		18C804372588E5B6006AF32F /* Meadow Example Shared */ = {
			isa = PBXGroup;
			children = (
				18E8875F2645286D00D8FF7B /* Observers */,
				18E8875B2645277900D8FF7B /* Views */,
				18C8043B2588E5B7006AF32F /* Assets.xcassets */,
				1877CD7825A5FAF2001CC663 /* Coordinators */,
				1877CD7F25A5FB25001CC663 /* Extensions */,
				18547F7D25A60988006ADD6C /* TypeAliases.swift */,
			);
			path = "Meadow Example Shared";
			sourceTree = "<group>";
		};
		18C804412588E5B7006AF32F /* Products */ = {
			isa = PBXGroup;
			children = (
				18C804402588E5B7006AF32F /* Meadow Example.app */,
				18C804522588E5B7006AF32F /* Meadow Example.app */,
			);
			name = Products;
			sourceTree = "<group>";
		};
		18C804422588E5B7006AF32F /* Meadow Example iOS */ = {
			isa = PBXGroup;
			children = (
				18C804432588E5B7006AF32F /* AppDelegate.swift */,
				18C804452588E5B7006AF32F /* GameViewController.swift */,
				18C804472588E5B7006AF32F /* Main.storyboard */,
				18C8044A2588E5B7006AF32F /* LaunchScreen.storyboard */,
				18C8044D2588E5B7006AF32F /* Info.plist */,
			);
			path = "Meadow Example iOS";
			sourceTree = "<group>";
		};
		18C804532588E5B7006AF32F /* Meadow Example macOS */ = {
			isa = PBXGroup;
			children = (
				18C804542588E5B7006AF32F /* AppDelegate.swift */,
				18C804562588E5B7006AF32F /* GameViewController.swift */,
				18C804582588E5B7006AF32F /* Main.storyboard */,
				18C8045B2588E5B7006AF32F /* Info.plist */,
				18C8045C2588E5B7006AF32F /* Meadow_Example_macOS.entitlements */,
			);
			path = "Meadow Example macOS";
			sourceTree = "<group>";
		};
		18E8875B2645277900D8FF7B /* Views */ = {
			isa = PBXGroup;
			children = (
				18E8875C264527EA00D8FF7B /* ExampleView.swift */,
			);
			path = Views;
			sourceTree = "<group>";
		};
		18E8875F2645286D00D8FF7B /* Observers */ = {
			isa = PBXGroup;
			children = (
				18E887632645286D00D8FF7B /* MouseObserver.swift */,
			);
			path = Observers;
			sourceTree = "<group>";
		};
		18EDDC5125A8935C007AC631 /* Splash Screen */ = {
			isa = PBXGroup;
			children = (
				18EDDC5225A89368007AC631 /* ApplicationSplashScreenCoordinator.swift */,
				18B3D69126039D24003EF99F /* DeveloperSplashScreenCoordinator.swift */,
			);
			path = "Splash Screen";
			sourceTree = "<group>";
		};
/* End PBXGroup section */

/* Begin PBXNativeTarget section */
		18C8043F2588E5B7006AF32F /* Meadow Example iOS */ = {
			isa = PBXNativeTarget;
			buildConfigurationList = 18C804672588E5B7006AF32F /* Build configuration list for PBXNativeTarget "Meadow Example iOS" */;
			buildPhases = (
				18C8043C2588E5B7006AF32F /* Sources */,
				18C8043D2588E5B7006AF32F /* Frameworks */,
				18C8043E2588E5B7006AF32F /* Resources */,
			);
			buildRules = (
			);
			dependencies = (
			);
			name = "Meadow Example iOS";
			packageProductDependencies = (
				1808C05D2588E6AA00860799 /* Meadow */,
			);
			productName = "Meadow Example iOS";
			productReference = 18C804402588E5B7006AF32F /* Meadow Example.app */;
			productType = "com.apple.product-type.application";
		};
		18C804512588E5B7006AF32F /* Meadow Example macOS */ = {
			isa = PBXNativeTarget;
			buildConfigurationList = 18C8046A2588E5B7006AF32F /* Build configuration list for PBXNativeTarget "Meadow Example macOS" */;
			buildPhases = (
				18C8044E2588E5B7006AF32F /* Sources */,
				18C8044F2588E5B7006AF32F /* Frameworks */,
				18C804502588E5B7006AF32F /* Resources */,
			);
			buildRules = (
			);
			dependencies = (
			);
			name = "Meadow Example macOS";
			packageProductDependencies = (
				1808C0612588E70E00860799 /* Meadow */,
			);
			productName = "Meadow Example macOS";
			productReference = 18C804522588E5B7006AF32F /* Meadow Example.app */;
			productType = "com.apple.product-type.application";
		};
/* End PBXNativeTarget section */

/* Begin PBXProject section */
		18C804332588E5B6006AF32F /* Project object */ = {
			isa = PBXProject;
			attributes = {
				LastSwiftUpdateCheck = 1230;
				LastUpgradeCheck = 1230;
				TargetAttributes = {
					18C8043F2588E5B7006AF32F = {
						CreatedOnToolsVersion = 12.3;
					};
					18C804512588E5B7006AF32F = {
						CreatedOnToolsVersion = 12.3;
					};
				};
			};
			buildConfigurationList = 18C804362588E5B6006AF32F /* Build configuration list for PBXProject "Meadow Example" */;
			compatibilityVersion = "Xcode 9.3";
			developmentRegion = en;
			hasScannedForEncodings = 0;
			knownRegions = (
				en,
				Base,
			);
			mainGroup = 18C804322588E5B6006AF32F;
			productRefGroup = 18C804412588E5B7006AF32F /* Products */;
			projectDirPath = "";
			projectRoot = "";
			targets = (
				18C8043F2588E5B7006AF32F /* Meadow Example iOS */,
				18C804512588E5B7006AF32F /* Meadow Example macOS */,
			);
		};
/* End PBXProject section */

/* Begin PBXResourcesBuildPhase section */
		18C8043E2588E5B7006AF32F /* Resources */ = {
			isa = PBXResourcesBuildPhase;
			buildActionMask = 2147483647;
			files = (
				18C804492588E5B7006AF32F /* Main.storyboard in Resources */,
				18C8044C2588E5B7006AF32F /* LaunchScreen.storyboard in Resources */,
				18C804632588E5B7006AF32F /* Assets.xcassets in Resources */,
			);
			runOnlyForDeploymentPostprocessing = 0;
		};
		18C804502588E5B7006AF32F /* Resources */ = {
			isa = PBXResourcesBuildPhase;
			buildActionMask = 2147483647;
			files = (
				18C8045A2588E5B7006AF32F /* Main.storyboard in Resources */,
				18C804642588E5B7006AF32F /* Assets.xcassets in Resources */,
			);
			runOnlyForDeploymentPostprocessing = 0;
		};
/* End PBXResourcesBuildPhase section */

/* Begin PBXSourcesBuildPhase section */
		18C8043C2588E5B7006AF32F /* Sources */ = {
			isa = PBXSourcesBuildPhase;
			buildActionMask = 2147483647;
			files = (
				18B3D69226039D24003EF99F /* DeveloperSplashScreenCoordinator.swift in Sources */,
				18547F7825A60785006ADD6C /* AppCoordinator.swift in Sources */,
				1877CD8125A5FB2D001CC663 /* Responder.swift in Sources */,
				1877CD7B25A5FAFF001CC663 /* Coordinator.swift in Sources */,
				18B3D689260392A5003EF99F /* ViewCoordinator.swift in Sources */,
				18E8876A2645286D00D8FF7B /* MouseObserver.swift in Sources */,
				18EDDC5325A89368007AC631 /* ApplicationSplashScreenCoordinator.swift in Sources */,
				18C804462588E5B7006AF32F /* GameViewController.swift in Sources */,
				18C804442588E5B7006AF32F /* AppDelegate.swift in Sources */,
				18547F7E25A60988006ADD6C /* TypeAliases.swift in Sources */,
				1861A6102611D9A700D9C549 /* SceneCoordinator.swift in Sources */,
				18E8875D264527EA00D8FF7B /* ExampleView.swift in Sources */,
			);
			runOnlyForDeploymentPostprocessing = 0;
		};
		18C8044E2588E5B7006AF32F /* Sources */ = {
			isa = PBXSourcesBuildPhase;
			buildActionMask = 2147483647;
			files = (
				18B3D69526039D26003EF99F /* DeveloperSplashScreenCoordinator.swift in Sources */,
				18547F8125A60A10006ADD6C /* TypeAliases.swift in Sources */,
				1877CD8225A5FB2D001CC663 /* Responder.swift in Sources */,
				1877CD7C25A5FAFF001CC663 /* Coordinator.swift in Sources */,
				18B3D68E26039364003EF99F /* ViewCoordinator.swift in Sources */,
				18E8876B2645286D00D8FF7B /* MouseObserver.swift in Sources */,
				18248F5325A8988F00B98624 /* ApplicationSplashScreenCoordinator.swift in Sources */,
				18C804572588E5B7006AF32F /* GameViewController.swift in Sources */,
				18C804552588E5B7006AF32F /* AppDelegate.swift in Sources */,
				18547F8425A60F38006ADD6C /* AppCoordinator.swift in Sources */,
				1861A6132611DA0300D9C549 /* SceneCoordinator.swift in Sources */,
				18E8875E264527EA00D8FF7B /* ExampleView.swift in Sources */,
			);
			runOnlyForDeploymentPostprocessing = 0;
		};
/* End PBXSourcesBuildPhase section */

/* Begin PBXVariantGroup section */
		18C804472588E5B7006AF32F /* Main.storyboard */ = {
			isa = PBXVariantGroup;
			children = (
				18C804482588E5B7006AF32F /* Base */,
			);
			name = Main.storyboard;
			sourceTree = "<group>";
		};
		18C8044A2588E5B7006AF32F /* LaunchScreen.storyboard */ = {
			isa = PBXVariantGroup;
			children = (
				18C8044B2588E5B7006AF32F /* Base */,
			);
			name = LaunchScreen.storyboard;
			sourceTree = "<group>";
		};
		18C804582588E5B7006AF32F /* Main.storyboard */ = {
			isa = PBXVariantGroup;
			children = (
				18C804592588E5B7006AF32F /* Base */,
			);
			name = Main.storyboard;
			sourceTree = "<group>";
		};
/* End PBXVariantGroup section */

/* Begin XCBuildConfiguration section */
		18C804652588E5B7006AF32F /* Debug */ = {
			isa = XCBuildConfiguration;
			buildSettings = {
				ALWAYS_SEARCH_USER_PATHS = NO;
				CLANG_ANALYZER_NONNULL = YES;
				CLANG_ANALYZER_NUMBER_OBJECT_CONVERSION = YES_AGGRESSIVE;
				CLANG_CXX_LANGUAGE_STANDARD = "gnu++14";
				CLANG_CXX_LIBRARY = "libc++";
				CLANG_ENABLE_MODULES = YES;
				CLANG_ENABLE_OBJC_ARC = YES;
				CLANG_ENABLE_OBJC_WEAK = YES;
				CLANG_WARN_BLOCK_CAPTURE_AUTORELEASING = YES;
				CLANG_WARN_BOOL_CONVERSION = YES;
				CLANG_WARN_COMMA = YES;
				CLANG_WARN_CONSTANT_CONVERSION = YES;
				CLANG_WARN_DEPRECATED_OBJC_IMPLEMENTATIONS = YES;
				CLANG_WARN_DIRECT_OBJC_ISA_USAGE = YES_ERROR;
				CLANG_WARN_DOCUMENTATION_COMMENTS = YES;
				CLANG_WARN_EMPTY_BODY = YES;
				CLANG_WARN_ENUM_CONVERSION = YES;
				CLANG_WARN_INFINITE_RECURSION = YES;
				CLANG_WARN_INT_CONVERSION = YES;
				CLANG_WARN_NON_LITERAL_NULL_CONVERSION = YES;
				CLANG_WARN_OBJC_IMPLICIT_RETAIN_SELF = YES;
				CLANG_WARN_OBJC_LITERAL_CONVERSION = YES;
				CLANG_WARN_OBJC_ROOT_CLASS = YES_ERROR;
				CLANG_WARN_QUOTED_INCLUDE_IN_FRAMEWORK_HEADER = YES;
				CLANG_WARN_RANGE_LOOP_ANALYSIS = YES;
				CLANG_WARN_STRICT_PROTOTYPES = YES;
				CLANG_WARN_SUSPICIOUS_MOVE = YES;
				CLANG_WARN_UNGUARDED_AVAILABILITY = YES_AGGRESSIVE;
				CLANG_WARN_UNREACHABLE_CODE = YES;
				CLANG_WARN__DUPLICATE_METHOD_MATCH = YES;
				COPY_PHASE_STRIP = NO;
				DEBUG_INFORMATION_FORMAT = dwarf;
				ENABLE_STRICT_OBJC_MSGSEND = YES;
				ENABLE_TESTABILITY = YES;
				GCC_C_LANGUAGE_STANDARD = gnu11;
				GCC_DYNAMIC_NO_PIC = NO;
				GCC_NO_COMMON_BLOCKS = YES;
				GCC_OPTIMIZATION_LEVEL = 0;
				GCC_PREPROCESSOR_DEFINITIONS = (
					"DEBUG=1",
					"$(inherited)",
				);
				GCC_WARN_64_TO_32_BIT_CONVERSION = YES;
				GCC_WARN_ABOUT_RETURN_TYPE = YES_ERROR;
				GCC_WARN_UNDECLARED_SELECTOR = YES;
				GCC_WARN_UNINITIALIZED_AUTOS = YES_AGGRESSIVE;
				GCC_WARN_UNUSED_FUNCTION = YES;
				GCC_WARN_UNUSED_VARIABLE = YES;
				MTL_ENABLE_DEBUG_INFO = INCLUDE_SOURCE;
				MTL_FAST_MATH = YES;
				ONLY_ACTIVE_ARCH = YES;
				SWIFT_ACTIVE_COMPILATION_CONDITIONS = DEBUG;
				SWIFT_OPTIMIZATION_LEVEL = "-Onone";
			};
			name = Debug;
		};
		18C804662588E5B7006AF32F /* Release */ = {
			isa = XCBuildConfiguration;
			buildSettings = {
				ALWAYS_SEARCH_USER_PATHS = NO;
				CLANG_ANALYZER_NONNULL = YES;
				CLANG_ANALYZER_NUMBER_OBJECT_CONVERSION = YES_AGGRESSIVE;
				CLANG_CXX_LANGUAGE_STANDARD = "gnu++14";
				CLANG_CXX_LIBRARY = "libc++";
				CLANG_ENABLE_MODULES = YES;
				CLANG_ENABLE_OBJC_ARC = YES;
				CLANG_ENABLE_OBJC_WEAK = YES;
				CLANG_WARN_BLOCK_CAPTURE_AUTORELEASING = YES;
				CLANG_WARN_BOOL_CONVERSION = YES;
				CLANG_WARN_COMMA = YES;
				CLANG_WARN_CONSTANT_CONVERSION = YES;
				CLANG_WARN_DEPRECATED_OBJC_IMPLEMENTATIONS = YES;
				CLANG_WARN_DIRECT_OBJC_ISA_USAGE = YES_ERROR;
				CLANG_WARN_DOCUMENTATION_COMMENTS = YES;
				CLANG_WARN_EMPTY_BODY = YES;
				CLANG_WARN_ENUM_CONVERSION = YES;
				CLANG_WARN_INFINITE_RECURSION = YES;
				CLANG_WARN_INT_CONVERSION = YES;
				CLANG_WARN_NON_LITERAL_NULL_CONVERSION = YES;
				CLANG_WARN_OBJC_IMPLICIT_RETAIN_SELF = YES;
				CLANG_WARN_OBJC_LITERAL_CONVERSION = YES;
				CLANG_WARN_OBJC_ROOT_CLASS = YES_ERROR;
				CLANG_WARN_QUOTED_INCLUDE_IN_FRAMEWORK_HEADER = YES;
				CLANG_WARN_RANGE_LOOP_ANALYSIS = YES;
				CLANG_WARN_STRICT_PROTOTYPES = YES;
				CLANG_WARN_SUSPICIOUS_MOVE = YES;
				CLANG_WARN_UNGUARDED_AVAILABILITY = YES_AGGRESSIVE;
				CLANG_WARN_UNREACHABLE_CODE = YES;
				CLANG_WARN__DUPLICATE_METHOD_MATCH = YES;
				COPY_PHASE_STRIP = NO;
				DEBUG_INFORMATION_FORMAT = "dwarf-with-dsym";
				ENABLE_NS_ASSERTIONS = NO;
				ENABLE_STRICT_OBJC_MSGSEND = YES;
				GCC_C_LANGUAGE_STANDARD = gnu11;
				GCC_NO_COMMON_BLOCKS = YES;
				GCC_WARN_64_TO_32_BIT_CONVERSION = YES;
				GCC_WARN_ABOUT_RETURN_TYPE = YES_ERROR;
				GCC_WARN_UNDECLARED_SELECTOR = YES;
				GCC_WARN_UNINITIALIZED_AUTOS = YES_AGGRESSIVE;
				GCC_WARN_UNUSED_FUNCTION = YES;
				GCC_WARN_UNUSED_VARIABLE = YES;
				MTL_ENABLE_DEBUG_INFO = NO;
				MTL_FAST_MATH = YES;
				SWIFT_COMPILATION_MODE = wholemodule;
				SWIFT_OPTIMIZATION_LEVEL = "-O";
			};
			name = Release;
		};
		18C804682588E5B7006AF32F /* Debug */ = {
			isa = XCBuildConfiguration;
			buildSettings = {
				ASSETCATALOG_COMPILER_APPICON_NAME = AppIcon;
				ASSETCATALOG_COMPILER_GLOBAL_ACCENT_COLOR_NAME = AccentColor;
				CODE_SIGN_STYLE = Automatic;
				INFOPLIST_FILE = "Meadow Example iOS/Info.plist";
				IPHONEOS_DEPLOYMENT_TARGET = 14.3;
				LD_RUNPATH_SEARCH_PATHS = (
					"$(inherited)",
					"@executable_path/Frameworks",
				);
				PRODUCT_BUNDLE_IDENTIFIER = "com.so.example.Meadow-Example";
				PRODUCT_NAME = "Meadow Example";
				SDKROOT = iphoneos;
				SWIFT_VERSION = 5.0;
				TARGETED_DEVICE_FAMILY = "1,2";
			};
			name = Debug;
		};
		18C804692588E5B7006AF32F /* Release */ = {
			isa = XCBuildConfiguration;
			buildSettings = {
				ASSETCATALOG_COMPILER_APPICON_NAME = AppIcon;
				ASSETCATALOG_COMPILER_GLOBAL_ACCENT_COLOR_NAME = AccentColor;
				CODE_SIGN_STYLE = Automatic;
				INFOPLIST_FILE = "Meadow Example iOS/Info.plist";
				IPHONEOS_DEPLOYMENT_TARGET = 14.3;
				LD_RUNPATH_SEARCH_PATHS = (
					"$(inherited)",
					"@executable_path/Frameworks",
				);
				PRODUCT_BUNDLE_IDENTIFIER = "com.so.example.Meadow-Example";
				PRODUCT_NAME = "Meadow Example";
				SDKROOT = iphoneos;
				SWIFT_VERSION = 5.0;
				TARGETED_DEVICE_FAMILY = "1,2";
				VALIDATE_PRODUCT = YES;
			};
			name = Release;
		};
		18C8046B2588E5B7006AF32F /* Debug */ = {
			isa = XCBuildConfiguration;
			buildSettings = {
				ASSETCATALOG_COMPILER_APPICON_NAME = AppIcon;
				ASSETCATALOG_COMPILER_GLOBAL_ACCENT_COLOR_NAME = AccentColor;
				CODE_SIGN_ENTITLEMENTS = "Meadow Example macOS/Meadow_Example_macOS.entitlements";
				CODE_SIGN_STYLE = Automatic;
				COMBINE_HIDPI_IMAGES = YES;
				INFOPLIST_FILE = "Meadow Example macOS/Info.plist";
				LD_RUNPATH_SEARCH_PATHS = (
					"$(inherited)",
					"@executable_path/../Frameworks",
				);
				MACOSX_DEPLOYMENT_TARGET = 11.0;
				PRODUCT_BUNDLE_IDENTIFIER = "com.so.example.Meadow-Example";
				PRODUCT_NAME = "Meadow Example";
				SDKROOT = macosx;
				SWIFT_VERSION = 5.0;
			};
			name = Debug;
		};
		18C8046C2588E5B7006AF32F /* Release */ = {
			isa = XCBuildConfiguration;
			buildSettings = {
				ASSETCATALOG_COMPILER_APPICON_NAME = AppIcon;
				ASSETCATALOG_COMPILER_GLOBAL_ACCENT_COLOR_NAME = AccentColor;
				CODE_SIGN_ENTITLEMENTS = "Meadow Example macOS/Meadow_Example_macOS.entitlements";
				CODE_SIGN_STYLE = Automatic;
				COMBINE_HIDPI_IMAGES = YES;
				INFOPLIST_FILE = "Meadow Example macOS/Info.plist";
				LD_RUNPATH_SEARCH_PATHS = (
					"$(inherited)",
					"@executable_path/../Frameworks",
				);
				MACOSX_DEPLOYMENT_TARGET = 11.0;
				PRODUCT_BUNDLE_IDENTIFIER = "com.so.example.Meadow-Example";
				PRODUCT_NAME = "Meadow Example";
				SDKROOT = macosx;
				SWIFT_VERSION = 5.0;
			};
			name = Release;
		};
/* End XCBuildConfiguration section */

/* Begin XCConfigurationList section */
		18C804362588E5B6006AF32F /* Build configuration list for PBXProject "Meadow Example" */ = {
			isa = XCConfigurationList;
			buildConfigurations = (
				18C804652588E5B7006AF32F /* Debug */,
				18C804662588E5B7006AF32F /* Release */,
			);
			defaultConfigurationIsVisible = 0;
			defaultConfigurationName = Release;
		};
		18C804672588E5B7006AF32F /* Build configuration list for PBXNativeTarget "Meadow Example iOS" */ = {
			isa = XCConfigurationList;
			buildConfigurations = (
				18C804682588E5B7006AF32F /* Debug */,
				18C804692588E5B7006AF32F /* Release */,
			);
			defaultConfigurationIsVisible = 0;
			defaultConfigurationName = Release;
		};
		18C8046A2588E5B7006AF32F /* Build configuration list for PBXNativeTarget "Meadow Example macOS" */ = {
			isa = XCConfigurationList;
			buildConfigurations = (
				18C8046B2588E5B7006AF32F /* Debug */,
				18C8046C2588E5B7006AF32F /* Release */,
			);
			defaultConfigurationIsVisible = 0;
			defaultConfigurationName = Release;
		};
/* End XCConfigurationList section */

/* Begin XCSwiftPackageProductDependency section */
		1808C05D2588E6AA00860799 /* Meadow */ = {
			isa = XCSwiftPackageProductDependency;
			productName = Meadow;
		};
		1808C0612588E70E00860799 /* Meadow */ = {
			isa = XCSwiftPackageProductDependency;
			productName = Meadow;
		};
/* End XCSwiftPackageProductDependency section */
	};
	rootObject = 18C804332588E5B6006AF32F /* Project object */;
}
