// !$*UTF8*$!
{
	archiveVersion = 1;
	classes = {
	};
	objectVersion = 55;
	objects = {

/* Begin PBXBuildFile section */
		180C21AA26D90F86009EEACF /* SceneController.swift in Sources */ = {isa = PBXBuildFile; fileRef = 180C21A926D90F86009EEACF /* SceneController.swift */; };
		180C21AB26D90F86009EEACF /* SceneController.swift in Sources */ = {isa = PBXBuildFile; fileRef = 180C21A926D90F86009EEACF /* SceneController.swift */; };
		18125C3F26D789F1006313F0 /* SplashView.swift in Sources */ = {isa = PBXBuildFile; fileRef = 18125C3E26D789F1006313F0 /* SplashView.swift */; };
		18125C4026D789F1006313F0 /* SplashView.swift in Sources */ = {isa = PBXBuildFile; fileRef = 18125C3E26D789F1006313F0 /* SplashView.swift */; };
		18125C4326D78A19006313F0 /* GameView.swift in Sources */ = {isa = PBXBuildFile; fileRef = 18125C4226D78A19006313F0 /* GameView.swift */; };
		18125C4426D78A19006313F0 /* GameView.swift in Sources */ = {isa = PBXBuildFile; fileRef = 18125C4226D78A19006313F0 /* GameView.swift */; };
		1820E3FA26D789830002CE2B /* SplashController.swift in Sources */ = {isa = PBXBuildFile; fileRef = 1820E3F926D789830002CE2B /* SplashController.swift */; };
		1820E3FB26D789830002CE2B /* SplashController.swift in Sources */ = {isa = PBXBuildFile; fileRef = 1820E3F926D789830002CE2B /* SplashController.swift */; };
		1820E3FD26D7898D0002CE2B /* GameController.swift in Sources */ = {isa = PBXBuildFile; fileRef = 1820E3FC26D7898D0002CE2B /* GameController.swift */; };
		1820E3FE26D7898D0002CE2B /* GameController.swift in Sources */ = {isa = PBXBuildFile; fileRef = 1820E3FC26D7898D0002CE2B /* GameController.swift */; };
		183B541F26EF2F94004C00EE /* HeroSelectionController.swift in Sources */ = {isa = PBXBuildFile; fileRef = 183B541E26EF2F94004C00EE /* HeroSelectionController.swift */; };
		183B542126EF2F9C004C00EE /* HeroCreationController.swift in Sources */ = {isa = PBXBuildFile; fileRef = 183B542026EF2F9C004C00EE /* HeroCreationController.swift */; };
		183B542426EF2FF3004C00EE /* HeroCreationView.swift in Sources */ = {isa = PBXBuildFile; fileRef = 183B542326EF2FF3004C00EE /* HeroCreationView.swift */; };
		183B542526EF2FF7004C00EE /* HeroCreationView.swift in Sources */ = {isa = PBXBuildFile; fileRef = 183B542326EF2FF3004C00EE /* HeroCreationView.swift */; };
		183B542826EF3016004C00EE /* HeroSelectionView.swift in Sources */ = {isa = PBXBuildFile; fileRef = 183B542726EF3016004C00EE /* HeroSelectionView.swift */; };
		183B542E26EF3051004C00EE /* HeroSelectionViewModel.swift in Sources */ = {isa = PBXBuildFile; fileRef = 183B542D26EF3051004C00EE /* HeroSelectionViewModel.swift */; };
		183B542F26EF3053004C00EE /* HeroSelectionViewModel.swift in Sources */ = {isa = PBXBuildFile; fileRef = 183B542D26EF3051004C00EE /* HeroSelectionViewModel.swift */; };
		183B543126EF3060004C00EE /* HeroCreationViewModel.swift in Sources */ = {isa = PBXBuildFile; fileRef = 183B543026EF3060004C00EE /* HeroCreationViewModel.swift */; };
		183B543226EF3060004C00EE /* HeroCreationViewModel.swift in Sources */ = {isa = PBXBuildFile; fileRef = 183B543026EF3060004C00EE /* HeroCreationViewModel.swift */; };
		183B543326EF310A004C00EE /* HeroCreationController.swift in Sources */ = {isa = PBXBuildFile; fileRef = 183B542026EF2F9C004C00EE /* HeroCreationController.swift */; };
		183B543426EF311F004C00EE /* HeroSelectionController.swift in Sources */ = {isa = PBXBuildFile; fileRef = 183B541E26EF2F94004C00EE /* HeroSelectionController.swift */; };
		183B543526EF32A1004C00EE /* HeroSelectionView.swift in Sources */ = {isa = PBXBuildFile; fileRef = 183B542726EF3016004C00EE /* HeroSelectionView.swift */; };
		183B543726EF3876004C00EE /* PersistenceController.swift in Sources */ = {isa = PBXBuildFile; fileRef = 183B543626EF3875004C00EE /* PersistenceController.swift */; };
		183B543826EF3876004C00EE /* PersistenceController.swift in Sources */ = {isa = PBXBuildFile; fileRef = 183B543626EF3875004C00EE /* PersistenceController.swift */; };
		183B543C26EF38B1004C00EE /* Example.xcdatamodeld in Sources */ = {isa = PBXBuildFile; fileRef = 183B543A26EF38B1004C00EE /* Example.xcdatamodeld */; };
		183B543D26EF38B1004C00EE /* Example.xcdatamodeld in Sources */ = {isa = PBXBuildFile; fileRef = 183B543A26EF38B1004C00EE /* Example.xcdatamodeld */; };
		183B544326EF3E29004C00EE /* HeroSelectionCardView.swift in Sources */ = {isa = PBXBuildFile; fileRef = 183B544226EF3E28004C00EE /* HeroSelectionCardView.swift */; };
		183B544426EF3E29004C00EE /* HeroSelectionCardView.swift in Sources */ = {isa = PBXBuildFile; fileRef = 183B544226EF3E28004C00EE /* HeroSelectionCardView.swift */; };
		183D733C26EB6FB5000005A1 /* GameViewModel.swift in Sources */ = {isa = PBXBuildFile; fileRef = 183D733B26EB6FB5000005A1 /* GameViewModel.swift */; };
		183D733D26EB6FB5000005A1 /* GameViewModel.swift in Sources */ = {isa = PBXBuildFile; fileRef = 183D733B26EB6FB5000005A1 /* GameViewModel.swift */; };
		1897039026CD2B7B00022591 /* Meadow in Frameworks */ = {isa = PBXBuildFile; productRef = 1897038F26CD2B7B00022591 /* Meadow */; };
		1897039226CD2B8000022591 /* Meadow in Frameworks */ = {isa = PBXBuildFile; productRef = 1897039126CD2B8000022591 /* Meadow */; };
		18AE56A226CD134700D94EE1 /* ExampleApp.swift in Sources */ = {isa = PBXBuildFile; fileRef = 18AE569426CD134600D94EE1 /* ExampleApp.swift */; };
		18AE56A326CD134700D94EE1 /* ExampleApp.swift in Sources */ = {isa = PBXBuildFile; fileRef = 18AE569426CD134600D94EE1 /* ExampleApp.swift */; };
		18AE56A426CD134700D94EE1 /* AppView.swift in Sources */ = {isa = PBXBuildFile; fileRef = 18AE569526CD134600D94EE1 /* AppView.swift */; };
		18AE56A526CD134700D94EE1 /* AppView.swift in Sources */ = {isa = PBXBuildFile; fileRef = 18AE569526CD134600D94EE1 /* AppView.swift */; };
		18AE56A626CD134700D94EE1 /* Assets.xcassets in Resources */ = {isa = PBXBuildFile; fileRef = 18AE569626CD134700D94EE1 /* Assets.xcassets */; };
		18AE56A726CD134700D94EE1 /* Assets.xcassets in Resources */ = {isa = PBXBuildFile; fileRef = 18AE569626CD134700D94EE1 /* Assets.xcassets */; };
		18AE56B126CD138800D94EE1 /* AppController.swift in Sources */ = {isa = PBXBuildFile; fileRef = 18AE56B026CD138800D94EE1 /* AppController.swift */; };
		18AE56B226CD138800D94EE1 /* AppController.swift in Sources */ = {isa = PBXBuildFile; fileRef = 18AE56B026CD138800D94EE1 /* AppController.swift */; };
		18B055CA26EA581900200D83 /* AppViewModel.swift in Sources */ = {isa = PBXBuildFile; fileRef = 18B055C926EA581900200D83 /* AppViewModel.swift */; };
		18B055CB26EA581900200D83 /* AppViewModel.swift in Sources */ = {isa = PBXBuildFile; fileRef = 18B055C926EA581900200D83 /* AppViewModel.swift */; };
		18B055CD26EA59EC00200D83 /* SplashViewModel.swift in Sources */ = {isa = PBXBuildFile; fileRef = 18B055CC26EA59EC00200D83 /* SplashViewModel.swift */; };
		18B055CE26EA59EC00200D83 /* SplashViewModel.swift in Sources */ = {isa = PBXBuildFile; fileRef = 18B055CC26EA59EC00200D83 /* SplashViewModel.swift */; };
/* End PBXBuildFile section */

/* Begin PBXFileReference section */
		180C21A926D90F86009EEACF /* SceneController.swift */ = {isa = PBXFileReference; lastKnownFileType = sourcecode.swift; path = SceneController.swift; sourceTree = "<group>"; };
		18125C3E26D789F1006313F0 /* SplashView.swift */ = {isa = PBXFileReference; fileEncoding = 4; lastKnownFileType = sourcecode.swift; path = SplashView.swift; sourceTree = "<group>"; };
		18125C4226D78A19006313F0 /* GameView.swift */ = {isa = PBXFileReference; lastKnownFileType = sourcecode.swift; path = GameView.swift; sourceTree = "<group>"; };
		1820E3F926D789830002CE2B /* SplashController.swift */ = {isa = PBXFileReference; lastKnownFileType = sourcecode.swift; path = SplashController.swift; sourceTree = "<group>"; };
		1820E3FC26D7898D0002CE2B /* GameController.swift */ = {isa = PBXFileReference; lastKnownFileType = sourcecode.swift; path = GameController.swift; sourceTree = "<group>"; };
		183B541E26EF2F94004C00EE /* HeroSelectionController.swift */ = {isa = PBXFileReference; lastKnownFileType = sourcecode.swift; path = HeroSelectionController.swift; sourceTree = "<group>"; };
		183B542026EF2F9C004C00EE /* HeroCreationController.swift */ = {isa = PBXFileReference; lastKnownFileType = sourcecode.swift; path = HeroCreationController.swift; sourceTree = "<group>"; };
		183B542326EF2FF3004C00EE /* HeroCreationView.swift */ = {isa = PBXFileReference; lastKnownFileType = sourcecode.swift; path = HeroCreationView.swift; sourceTree = "<group>"; };
		183B542726EF3016004C00EE /* HeroSelectionView.swift */ = {isa = PBXFileReference; lastKnownFileType = sourcecode.swift; path = HeroSelectionView.swift; sourceTree = "<group>"; };
		183B542D26EF3051004C00EE /* HeroSelectionViewModel.swift */ = {isa = PBXFileReference; lastKnownFileType = sourcecode.swift; path = HeroSelectionViewModel.swift; sourceTree = "<group>"; };
		183B543026EF3060004C00EE /* HeroCreationViewModel.swift */ = {isa = PBXFileReference; lastKnownFileType = sourcecode.swift; path = HeroCreationViewModel.swift; sourceTree = "<group>"; };
		183B543626EF3875004C00EE /* PersistenceController.swift */ = {isa = PBXFileReference; fileEncoding = 4; lastKnownFileType = sourcecode.swift; path = PersistenceController.swift; sourceTree = "<group>"; };
		183B543B26EF38B1004C00EE /* Example.xcdatamodel */ = {isa = PBXFileReference; lastKnownFileType = wrapper.xcdatamodel; path = Example.xcdatamodel; sourceTree = "<group>"; };
		183B544226EF3E28004C00EE /* HeroSelectionCardView.swift */ = {isa = PBXFileReference; fileEncoding = 4; lastKnownFileType = sourcecode.swift; path = HeroSelectionCardView.swift; sourceTree = "<group>"; };
		183D733B26EB6FB5000005A1 /* GameViewModel.swift */ = {isa = PBXFileReference; lastKnownFileType = sourcecode.swift; path = GameViewModel.swift; sourceTree = "<group>"; };
		1897038D26CD286A00022591 /* Meadow */ = {isa = PBXFileReference; lastKnownFileType = folder; name = Meadow; path = ..; sourceTree = "<group>"; };
		18AE569426CD134600D94EE1 /* ExampleApp.swift */ = {isa = PBXFileReference; lastKnownFileType = sourcecode.swift; path = ExampleApp.swift; sourceTree = "<group>"; };
		18AE569526CD134600D94EE1 /* AppView.swift */ = {isa = PBXFileReference; lastKnownFileType = sourcecode.swift; path = AppView.swift; sourceTree = "<group>"; };
		18AE569626CD134700D94EE1 /* Assets.xcassets */ = {isa = PBXFileReference; lastKnownFileType = folder.assetcatalog; path = Assets.xcassets; sourceTree = "<group>"; };
		18AE569B26CD134700D94EE1 /* Example.app */ = {isa = PBXFileReference; explicitFileType = wrapper.application; includeInIndex = 0; path = Example.app; sourceTree = BUILT_PRODUCTS_DIR; };
		18AE56A126CD134700D94EE1 /* Example.app */ = {isa = PBXFileReference; explicitFileType = wrapper.application; includeInIndex = 0; path = Example.app; sourceTree = BUILT_PRODUCTS_DIR; };
		18AE56B026CD138800D94EE1 /* AppController.swift */ = {isa = PBXFileReference; lastKnownFileType = sourcecode.swift; path = AppController.swift; sourceTree = "<group>"; };
		18B055C926EA581900200D83 /* AppViewModel.swift */ = {isa = PBXFileReference; lastKnownFileType = sourcecode.swift; path = AppViewModel.swift; sourceTree = "<group>"; };
		18B055CC26EA59EC00200D83 /* SplashViewModel.swift */ = {isa = PBXFileReference; lastKnownFileType = sourcecode.swift; path = SplashViewModel.swift; sourceTree = "<group>"; };
/* End PBXFileReference section */

/* Begin PBXFrameworksBuildPhase section */
		18AE569826CD134700D94EE1 /* Frameworks */ = {
			isa = PBXFrameworksBuildPhase;
			buildActionMask = 2147483647;
			files = (
				1897039026CD2B7B00022591 /* Meadow in Frameworks */,
			);
			runOnlyForDeploymentPostprocessing = 0;
		};
		18AE569E26CD134700D94EE1 /* Frameworks */ = {
			isa = PBXFrameworksBuildPhase;
			buildActionMask = 2147483647;
			files = (
				1897039226CD2B8000022591 /* Meadow in Frameworks */,
			);
			runOnlyForDeploymentPostprocessing = 0;
		};
/* End PBXFrameworksBuildPhase section */

/* Begin PBXGroup section */
		18125C3D26D789F1006313F0 /* Splash */ = {
			isa = PBXGroup;
			children = (
				18125C3E26D789F1006313F0 /* SplashView.swift */,
			);
			path = Splash;
			sourceTree = "<group>";
		};
		18125C4126D789F8006313F0 /* Game */ = {
			isa = PBXGroup;
			children = (
				18125C4226D78A19006313F0 /* GameView.swift */,
			);
			path = Game;
			sourceTree = "<group>";
		};
		183B541926EF2F5C004C00EE /* Splash */ = {
			isa = PBXGroup;
			children = (
				1820E3F926D789830002CE2B /* SplashController.swift */,
			);
			path = Splash;
			sourceTree = "<group>";
		};
		183B541A26EF2F6B004C00EE /* Scene */ = {
			isa = PBXGroup;
			children = (
				180C21A926D90F86009EEACF /* SceneController.swift */,
			);
			path = Scene;
			sourceTree = "<group>";
		};
		183B541B26EF2F76004C00EE /* Game */ = {
			isa = PBXGroup;
			children = (
				1820E3FC26D7898D0002CE2B /* GameController.swift */,
			);
			path = Game;
			sourceTree = "<group>";
		};
		183B541C26EF2F7F004C00EE /* Hero Selection */ = {
			isa = PBXGroup;
			children = (
				183B541E26EF2F94004C00EE /* HeroSelectionController.swift */,
			);
			path = "Hero Selection";
			sourceTree = "<group>";
		};
		183B541D26EF2F86004C00EE /* Hero Creation */ = {
			isa = PBXGroup;
			children = (
				183B542026EF2F9C004C00EE /* HeroCreationController.swift */,
			);
			path = "Hero Creation";
			sourceTree = "<group>";
		};
		183B542226EF2FE5004C00EE /* Hero Creation */ = {
			isa = PBXGroup;
			children = (
				183B542326EF2FF3004C00EE /* HeroCreationView.swift */,
			);
			path = "Hero Creation";
			sourceTree = "<group>";
		};
		183B542626EF3009004C00EE /* Hero Selection */ = {
			isa = PBXGroup;
			children = (
				183B544226EF3E28004C00EE /* HeroSelectionCardView.swift */,
				183B542726EF3016004C00EE /* HeroSelectionView.swift */,
			);
			path = "Hero Selection";
			sourceTree = "<group>";
		};
		183B542926EF3030004C00EE /* Splash */ = {
			isa = PBXGroup;
			children = (
				18B055CC26EA59EC00200D83 /* SplashViewModel.swift */,
			);
			path = Splash;
			sourceTree = "<group>";
		};
		183B542A26EF3038004C00EE /* Game */ = {
			isa = PBXGroup;
			children = (
				183D733B26EB6FB5000005A1 /* GameViewModel.swift */,
			);
			path = Game;
			sourceTree = "<group>";
		};
		183B542B26EF303E004C00EE /* Hero Creation */ = {
			isa = PBXGroup;
			children = (
				183B543026EF3060004C00EE /* HeroCreationViewModel.swift */,
			);
			path = "Hero Creation";
			sourceTree = "<group>";
		};
		183B542C26EF3044004C00EE /* Hero Selection */ = {
			isa = PBXGroup;
			children = (
				183B542D26EF3051004C00EE /* HeroSelectionViewModel.swift */,
			);
			path = "Hero Selection";
			sourceTree = "<group>";
		};
		183B543926EF38A2004C00EE /* Model */ = {
			isa = PBXGroup;
			children = (
				183B543A26EF38B1004C00EE /* Example.xcdatamodeld */,
			);
			path = Model;
			sourceTree = "<group>";
		};
		1897038E26CD2B7B00022591 /* Frameworks */ = {
			isa = PBXGroup;
			children = (
			);
			name = Frameworks;
			sourceTree = "<group>";
		};
		18AE568E26CD134600D94EE1 = {
			isa = PBXGroup;
			children = (
				1897038D26CD286A00022591 /* Meadow */,
				18AE569326CD134600D94EE1 /* Example */,
				18AE569C26CD134700D94EE1 /* Products */,
				1897038E26CD2B7B00022591 /* Frameworks */,
			);
			sourceTree = "<group>";
		};
		18AE569326CD134600D94EE1 /* Example */ = {
			isa = PBXGroup;
			children = (
				183B543926EF38A2004C00EE /* Model */,
				18AE569626CD134700D94EE1 /* Assets.xcassets */,
				18AE56B426CD279A00D94EE1 /* Controllers */,
				18AE569426CD134600D94EE1 /* ExampleApp.swift */,
				18B055C826EA580B00200D83 /* View Model */,
				18AE56B326CD279000D94EE1 /* Views */,
			);
			path = Example;
			sourceTree = "<group>";
		};
		18AE569C26CD134700D94EE1 /* Products */ = {
			isa = PBXGroup;
			children = (
				18AE569B26CD134700D94EE1 /* Example.app */,
				18AE56A126CD134700D94EE1 /* Example.app */,
			);
			name = Products;
			sourceTree = "<group>";
		};
		18AE56B326CD279000D94EE1 /* Views */ = {
			isa = PBXGroup;
			children = (
				18AE569526CD134600D94EE1 /* AppView.swift */,
				18125C4126D789F8006313F0 /* Game */,
				183B542226EF2FE5004C00EE /* Hero Creation */,
				183B542626EF3009004C00EE /* Hero Selection */,
				18125C3D26D789F1006313F0 /* Splash */,
			);
			path = Views;
			sourceTree = "<group>";
		};
		18AE56B426CD279A00D94EE1 /* Controllers */ = {
			isa = PBXGroup;
			children = (
				183B543626EF3875004C00EE /* PersistenceController.swift */,
				18AE56B026CD138800D94EE1 /* AppController.swift */,
				183B541B26EF2F76004C00EE /* Game */,
				183B541D26EF2F86004C00EE /* Hero Creation */,
				183B541C26EF2F7F004C00EE /* Hero Selection */,
				183B541A26EF2F6B004C00EE /* Scene */,
				183B541926EF2F5C004C00EE /* Splash */,
			);
			path = Controllers;
			sourceTree = "<group>";
		};
		18B055C826EA580B00200D83 /* View Model */ = {
			isa = PBXGroup;
			children = (
				18B055C926EA581900200D83 /* AppViewModel.swift */,
				183B542A26EF3038004C00EE /* Game */,
				183B542B26EF303E004C00EE /* Hero Creation */,
				183B542C26EF3044004C00EE /* Hero Selection */,
				183B542926EF3030004C00EE /* Splash */,
			);
			path = "View Model";
			sourceTree = "<group>";
		};
/* End PBXGroup section */

/* Begin PBXNativeTarget section */
		18AE569A26CD134700D94EE1 /* Example (iOS) */ = {
			isa = PBXNativeTarget;
			buildConfigurationList = 18AE56AA26CD134700D94EE1 /* Build configuration list for PBXNativeTarget "Example (iOS)" */;
			buildPhases = (
				18AE569726CD134700D94EE1 /* Sources */,
				18AE569826CD134700D94EE1 /* Frameworks */,
				18AE569926CD134700D94EE1 /* Resources */,
			);
			buildRules = (
			);
			dependencies = (
			);
			name = "Example (iOS)";
			packageProductDependencies = (
				1897038F26CD2B7B00022591 /* Meadow */,
			);
			productName = "Example (iOS)";
			productReference = 18AE569B26CD134700D94EE1 /* Example.app */;
			productType = "com.apple.product-type.application";
		};
		18AE56A026CD134700D94EE1 /* Example (macOS) */ = {
			isa = PBXNativeTarget;
			buildConfigurationList = 18AE56AD26CD134700D94EE1 /* Build configuration list for PBXNativeTarget "Example (macOS)" */;
			buildPhases = (
				18AE569D26CD134700D94EE1 /* Sources */,
				18AE569E26CD134700D94EE1 /* Frameworks */,
				18AE569F26CD134700D94EE1 /* Resources */,
			);
			buildRules = (
			);
			dependencies = (
			);
			name = "Example (macOS)";
			packageProductDependencies = (
				1897039126CD2B8000022591 /* Meadow */,
			);
			productName = "Example (macOS)";
			productReference = 18AE56A126CD134700D94EE1 /* Example.app */;
			productType = "com.apple.product-type.application";
		};
/* End PBXNativeTarget section */

/* Begin PBXProject section */
		18AE568F26CD134600D94EE1 /* Project object */ = {
			isa = PBXProject;
			attributes = {
				BuildIndependentTargetsInParallel = 1;
				LastSwiftUpdateCheck = 1300;
				LastUpgradeCheck = 1300;
				TargetAttributes = {
					18AE569A26CD134700D94EE1 = {
						CreatedOnToolsVersion = 13.0;
					};
					18AE56A026CD134700D94EE1 = {
						CreatedOnToolsVersion = 13.0;
					};
				};
			};
			buildConfigurationList = 18AE569226CD134600D94EE1 /* Build configuration list for PBXProject "Example" */;
			compatibilityVersion = "Xcode 13.0";
			developmentRegion = en;
			hasScannedForEncodings = 0;
			knownRegions = (
				en,
				Base,
			);
			mainGroup = 18AE568E26CD134600D94EE1;
			productRefGroup = 18AE569C26CD134700D94EE1 /* Products */;
			projectDirPath = "";
			projectRoot = "";
			targets = (
				18AE569A26CD134700D94EE1 /* Example (iOS) */,
				18AE56A026CD134700D94EE1 /* Example (macOS) */,
			);
		};
/* End PBXProject section */

/* Begin PBXResourcesBuildPhase section */
		18AE569926CD134700D94EE1 /* Resources */ = {
			isa = PBXResourcesBuildPhase;
			buildActionMask = 2147483647;
			files = (
				18AE56A626CD134700D94EE1 /* Assets.xcassets in Resources */,
			);
			runOnlyForDeploymentPostprocessing = 0;
		};
		18AE569F26CD134700D94EE1 /* Resources */ = {
			isa = PBXResourcesBuildPhase;
			buildActionMask = 2147483647;
			files = (
				18AE56A726CD134700D94EE1 /* Assets.xcassets in Resources */,
			);
			runOnlyForDeploymentPostprocessing = 0;
		};
/* End PBXResourcesBuildPhase section */

/* Begin PBXSourcesBuildPhase section */
		18AE569726CD134700D94EE1 /* Sources */ = {
			isa = PBXSourcesBuildPhase;
			buildActionMask = 2147483647;
			files = (
				183B542126EF2F9C004C00EE /* HeroCreationController.swift in Sources */,
				183B542826EF3016004C00EE /* HeroSelectionView.swift in Sources */,
				1820E3FA26D789830002CE2B /* SplashController.swift in Sources */,
				18AE56B126CD138800D94EE1 /* AppController.swift in Sources */,
				18B055CA26EA581900200D83 /* AppViewModel.swift in Sources */,
				183D733C26EB6FB5000005A1 /* GameViewModel.swift in Sources */,
				183B542E26EF3051004C00EE /* HeroSelectionViewModel.swift in Sources */,
				180C21AA26D90F86009EEACF /* SceneController.swift in Sources */,
				1820E3FD26D7898D0002CE2B /* GameController.swift in Sources */,
				183B542426EF2FF3004C00EE /* HeroCreationView.swift in Sources */,
				18B055CD26EA59EC00200D83 /* SplashViewModel.swift in Sources */,
				183B541F26EF2F94004C00EE /* HeroSelectionController.swift in Sources */,
				183B543C26EF38B1004C00EE /* Example.xcdatamodeld in Sources */,
				18AE56A426CD134700D94EE1 /* AppView.swift in Sources */,
				183B543726EF3876004C00EE /* PersistenceController.swift in Sources */,
				18AE56A226CD134700D94EE1 /* ExampleApp.swift in Sources */,
				183B544326EF3E29004C00EE /* HeroSelectionCardView.swift in Sources */,
				18125C3F26D789F1006313F0 /* SplashView.swift in Sources */,
				18125C4326D78A19006313F0 /* GameView.swift in Sources */,
				183B543126EF3060004C00EE /* HeroCreationViewModel.swift in Sources */,
			);
			runOnlyForDeploymentPostprocessing = 0;
		};
		18AE569D26CD134700D94EE1 /* Sources */ = {
			isa = PBXSourcesBuildPhase;
			buildActionMask = 2147483647;
			files = (
				1820E3FB26D789830002CE2B /* SplashController.swift in Sources */,
				183B542F26EF3053004C00EE /* HeroSelectionViewModel.swift in Sources */,
				183B543426EF311F004C00EE /* HeroSelectionController.swift in Sources */,
				183B542526EF2FF7004C00EE /* HeroCreationView.swift in Sources */,
				18AE56B226CD138800D94EE1 /* AppController.swift in Sources */,
				18B055CB26EA581900200D83 /* AppViewModel.swift in Sources */,
				183D733D26EB6FB5000005A1 /* GameViewModel.swift in Sources */,
				180C21AB26D90F86009EEACF /* SceneController.swift in Sources */,
				1820E3FE26D7898D0002CE2B /* GameController.swift in Sources */,
				183B543226EF3060004C00EE /* HeroCreationViewModel.swift in Sources */,
				18B055CE26EA59EC00200D83 /* SplashViewModel.swift in Sources */,
				18AE56A526CD134700D94EE1 /* AppView.swift in Sources */,
				183B543D26EF38B1004C00EE /* Example.xcdatamodeld in Sources */,
				18AE56A326CD134700D94EE1 /* ExampleApp.swift in Sources */,
				183B543826EF3876004C00EE /* PersistenceController.swift in Sources */,
				18125C4026D789F1006313F0 /* SplashView.swift in Sources */,
				183B544426EF3E29004C00EE /* HeroSelectionCardView.swift in Sources */,
				18125C4426D78A19006313F0 /* GameView.swift in Sources */,
				183B543326EF310A004C00EE /* HeroCreationController.swift in Sources */,
				183B543526EF32A1004C00EE /* HeroSelectionView.swift in Sources */,
			);
			runOnlyForDeploymentPostprocessing = 0;
		};
/* End PBXSourcesBuildPhase section */

/* Begin XCBuildConfiguration section */
		18AE56A826CD134700D94EE1 /* Debug */ = {
			isa = XCBuildConfiguration;
			buildSettings = {
				ALWAYS_SEARCH_USER_PATHS = NO;
				CLANG_ANALYZER_NONNULL = YES;
				CLANG_ANALYZER_NUMBER_OBJECT_CONVERSION = YES_AGGRESSIVE;
				CLANG_CXX_LANGUAGE_STANDARD = "gnu++17";
				CLANG_CXX_LIBRARY = "libc++";
				CLANG_ENABLE_MODULES = YES;
				CLANG_ENABLE_OBJC_ARC = YES;
				CLANG_ENABLE_OBJC_WEAK = YES;
				CLANG_WARN_BLOCK_CAPTURE_AUTORELEASING = YES;
				CLANG_WARN_BOOL_CONVERSION = YES;
				CLANG_WARN_COMMA = YES;
				CLANG_WARN_CONSTANT_CONVERSION = YES;
				CLANG_WARN_DEPRECATED_OBJC_IMPLEMENTATIONS = YES;
				CLANG_WARN_DIRECT_OBJC_ISA_USAGE = YES_ERROR;
				CLANG_WARN_DOCUMENTATION_COMMENTS = YES;
				CLANG_WARN_EMPTY_BODY = YES;
				CLANG_WARN_ENUM_CONVERSION = YES;
				CLANG_WARN_INFINITE_RECURSION = YES;
				CLANG_WARN_INT_CONVERSION = YES;
				CLANG_WARN_NON_LITERAL_NULL_CONVERSION = YES;
				CLANG_WARN_OBJC_IMPLICIT_RETAIN_SELF = YES;
				CLANG_WARN_OBJC_LITERAL_CONVERSION = YES;
				CLANG_WARN_OBJC_ROOT_CLASS = YES_ERROR;
				CLANG_WARN_QUOTED_INCLUDE_IN_FRAMEWORK_HEADER = YES;
				CLANG_WARN_RANGE_LOOP_ANALYSIS = YES;
				CLANG_WARN_STRICT_PROTOTYPES = YES;
				CLANG_WARN_SUSPICIOUS_MOVE = YES;
				CLANG_WARN_UNGUARDED_AVAILABILITY = YES_AGGRESSIVE;
				CLANG_WARN_UNREACHABLE_CODE = YES;
				CLANG_WARN__DUPLICATE_METHOD_MATCH = YES;
				COPY_PHASE_STRIP = NO;
				DEBUG_INFORMATION_FORMAT = dwarf;
				ENABLE_STRICT_OBJC_MSGSEND = YES;
				ENABLE_TESTABILITY = YES;
				GCC_C_LANGUAGE_STANDARD = gnu11;
				GCC_DYNAMIC_NO_PIC = NO;
				GCC_NO_COMMON_BLOCKS = YES;
				GCC_OPTIMIZATION_LEVEL = 0;
				GCC_PREPROCESSOR_DEFINITIONS = (
					"DEBUG=1",
					"$(inherited)",
				);
				GCC_WARN_64_TO_32_BIT_CONVERSION = YES;
				GCC_WARN_ABOUT_RETURN_TYPE = YES_ERROR;
				GCC_WARN_UNDECLARED_SELECTOR = YES;
				GCC_WARN_UNINITIALIZED_AUTOS = YES_AGGRESSIVE;
				GCC_WARN_UNUSED_FUNCTION = YES;
				GCC_WARN_UNUSED_VARIABLE = YES;
				MTL_ENABLE_DEBUG_INFO = INCLUDE_SOURCE;
				MTL_FAST_MATH = YES;
				ONLY_ACTIVE_ARCH = YES;
				SWIFT_ACTIVE_COMPILATION_CONDITIONS = DEBUG;
				SWIFT_OPTIMIZATION_LEVEL = "-Onone";
			};
			name = Debug;
		};
		18AE56A926CD134700D94EE1 /* Release */ = {
			isa = XCBuildConfiguration;
			buildSettings = {
				ALWAYS_SEARCH_USER_PATHS = NO;
				CLANG_ANALYZER_NONNULL = YES;
				CLANG_ANALYZER_NUMBER_OBJECT_CONVERSION = YES_AGGRESSIVE;
				CLANG_CXX_LANGUAGE_STANDARD = "gnu++17";
				CLANG_CXX_LIBRARY = "libc++";
				CLANG_ENABLE_MODULES = YES;
				CLANG_ENABLE_OBJC_ARC = YES;
				CLANG_ENABLE_OBJC_WEAK = YES;
				CLANG_WARN_BLOCK_CAPTURE_AUTORELEASING = YES;
				CLANG_WARN_BOOL_CONVERSION = YES;
				CLANG_WARN_COMMA = YES;
				CLANG_WARN_CONSTANT_CONVERSION = YES;
				CLANG_WARN_DEPRECATED_OBJC_IMPLEMENTATIONS = YES;
				CLANG_WARN_DIRECT_OBJC_ISA_USAGE = YES_ERROR;
				CLANG_WARN_DOCUMENTATION_COMMENTS = YES;
				CLANG_WARN_EMPTY_BODY = YES;
				CLANG_WARN_ENUM_CONVERSION = YES;
				CLANG_WARN_INFINITE_RECURSION = YES;
				CLANG_WARN_INT_CONVERSION = YES;
				CLANG_WARN_NON_LITERAL_NULL_CONVERSION = YES;
				CLANG_WARN_OBJC_IMPLICIT_RETAIN_SELF = YES;
				CLANG_WARN_OBJC_LITERAL_CONVERSION = YES;
				CLANG_WARN_OBJC_ROOT_CLASS = YES_ERROR;
				CLANG_WARN_QUOTED_INCLUDE_IN_FRAMEWORK_HEADER = YES;
				CLANG_WARN_RANGE_LOOP_ANALYSIS = YES;
				CLANG_WARN_STRICT_PROTOTYPES = YES;
				CLANG_WARN_SUSPICIOUS_MOVE = YES;
				CLANG_WARN_UNGUARDED_AVAILABILITY = YES_AGGRESSIVE;
				CLANG_WARN_UNREACHABLE_CODE = YES;
				CLANG_WARN__DUPLICATE_METHOD_MATCH = YES;
				COPY_PHASE_STRIP = NO;
				DEBUG_INFORMATION_FORMAT = "dwarf-with-dsym";
				ENABLE_NS_ASSERTIONS = NO;
				ENABLE_STRICT_OBJC_MSGSEND = YES;
				GCC_C_LANGUAGE_STANDARD = gnu11;
				GCC_NO_COMMON_BLOCKS = YES;
				GCC_WARN_64_TO_32_BIT_CONVERSION = YES;
				GCC_WARN_ABOUT_RETURN_TYPE = YES_ERROR;
				GCC_WARN_UNDECLARED_SELECTOR = YES;
				GCC_WARN_UNINITIALIZED_AUTOS = YES_AGGRESSIVE;
				GCC_WARN_UNUSED_FUNCTION = YES;
				GCC_WARN_UNUSED_VARIABLE = YES;
				MTL_ENABLE_DEBUG_INFO = NO;
				MTL_FAST_MATH = YES;
				SWIFT_COMPILATION_MODE = wholemodule;
				SWIFT_OPTIMIZATION_LEVEL = "-O";
			};
			name = Release;
		};
		18AE56AB26CD134700D94EE1 /* Debug */ = {
			isa = XCBuildConfiguration;
			buildSettings = {
				ASSETCATALOG_COMPILER_APPICON_NAME = AppIcon;
				ASSETCATALOG_COMPILER_GLOBAL_ACCENT_COLOR_NAME = AccentColor;
				CODE_SIGN_STYLE = Automatic;
				CURRENT_PROJECT_VERSION = 1;
				ENABLE_PREVIEWS = YES;
				GENERATE_INFOPLIST_FILE = YES;
				INFOPLIST_KEY_UIApplicationSceneManifest_Generation = YES;
				INFOPLIST_KEY_UIApplicationSupportsIndirectInputEvents = YES;
				INFOPLIST_KEY_UILaunchScreen_Generation = YES;
				INFOPLIST_KEY_UISupportedInterfaceOrientations_iPad = "UIInterfaceOrientationPortrait UIInterfaceOrientationPortraitUpsideDown UIInterfaceOrientationLandscapeLeft UIInterfaceOrientationLandscapeRight";
				INFOPLIST_KEY_UISupportedInterfaceOrientations_iPhone = "UIInterfaceOrientationPortrait UIInterfaceOrientationLandscapeLeft UIInterfaceOrientationLandscapeRight";
				IPHONEOS_DEPLOYMENT_TARGET = 14.0;
				LD_RUNPATH_SEARCH_PATHS = (
					"$(inherited)",
					"@executable_path/Frameworks",
				);
				MARKETING_VERSION = 1.0;
				PRODUCT_BUNDLE_IDENTIFIER = com.so.Example;
				PRODUCT_NAME = Example;
				SDKROOT = iphoneos;
				SWIFT_EMIT_LOC_STRINGS = YES;
				SWIFT_VERSION = 5.0;
				TARGETED_DEVICE_FAMILY = "1,2";
			};
			name = Debug;
		};
		18AE56AC26CD134700D94EE1 /* Release */ = {
			isa = XCBuildConfiguration;
			buildSettings = {
				ASSETCATALOG_COMPILER_APPICON_NAME = AppIcon;
				ASSETCATALOG_COMPILER_GLOBAL_ACCENT_COLOR_NAME = AccentColor;
				CODE_SIGN_STYLE = Automatic;
				CURRENT_PROJECT_VERSION = 1;
				ENABLE_PREVIEWS = YES;
				GENERATE_INFOPLIST_FILE = YES;
				INFOPLIST_KEY_UIApplicationSceneManifest_Generation = YES;
				INFOPLIST_KEY_UIApplicationSupportsIndirectInputEvents = YES;
				INFOPLIST_KEY_UILaunchScreen_Generation = YES;
				INFOPLIST_KEY_UISupportedInterfaceOrientations_iPad = "UIInterfaceOrientationPortrait UIInterfaceOrientationPortraitUpsideDown UIInterfaceOrientationLandscapeLeft UIInterfaceOrientationLandscapeRight";
				INFOPLIST_KEY_UISupportedInterfaceOrientations_iPhone = "UIInterfaceOrientationPortrait UIInterfaceOrientationLandscapeLeft UIInterfaceOrientationLandscapeRight";
				IPHONEOS_DEPLOYMENT_TARGET = 14.0;
				LD_RUNPATH_SEARCH_PATHS = (
					"$(inherited)",
					"@executable_path/Frameworks",
				);
				MARKETING_VERSION = 1.0;
				PRODUCT_BUNDLE_IDENTIFIER = com.so.Example;
				PRODUCT_NAME = Example;
				SDKROOT = iphoneos;
				SWIFT_EMIT_LOC_STRINGS = YES;
				SWIFT_VERSION = 5.0;
				TARGETED_DEVICE_FAMILY = "1,2";
				VALIDATE_PRODUCT = YES;
			};
			name = Release;
		};
		18AE56AE26CD134700D94EE1 /* Debug */ = {
			isa = XCBuildConfiguration;
			buildSettings = {
				ASSETCATALOG_COMPILER_APPICON_NAME = AppIcon;
				ASSETCATALOG_COMPILER_GLOBAL_ACCENT_COLOR_NAME = AccentColor;
				CODE_SIGN_STYLE = Automatic;
				COMBINE_HIDPI_IMAGES = YES;
				CURRENT_PROJECT_VERSION = 1;
				ENABLE_APP_SANDBOX = YES;
				ENABLE_PREVIEWS = YES;
				ENABLE_USER_SELECTED_FILES = readonly;
				GENERATE_INFOPLIST_FILE = YES;
				INFOPLIST_KEY_NSHumanReadableCopyright = "";
				LD_RUNPATH_SEARCH_PATHS = (
					"$(inherited)",
					"@executable_path/../Frameworks",
				);
				MACOSX_DEPLOYMENT_TARGET = 11.0;
				MARKETING_VERSION = 1.0;
				PRODUCT_BUNDLE_IDENTIFIER = com.so.Example;
				PRODUCT_NAME = Example;
				SDKROOT = macosx;
				SWIFT_EMIT_LOC_STRINGS = YES;
				SWIFT_VERSION = 5.0;
			};
			name = Debug;
		};
		18AE56AF26CD134700D94EE1 /* Release */ = {
			isa = XCBuildConfiguration;
			buildSettings = {
				ASSETCATALOG_COMPILER_APPICON_NAME = AppIcon;
				ASSETCATALOG_COMPILER_GLOBAL_ACCENT_COLOR_NAME = AccentColor;
				CODE_SIGN_STYLE = Automatic;
				COMBINE_HIDPI_IMAGES = YES;
				CURRENT_PROJECT_VERSION = 1;
				ENABLE_APP_SANDBOX = YES;
				ENABLE_PREVIEWS = YES;
				ENABLE_USER_SELECTED_FILES = readonly;
				GENERATE_INFOPLIST_FILE = YES;
				INFOPLIST_KEY_NSHumanReadableCopyright = "";
				LD_RUNPATH_SEARCH_PATHS = (
					"$(inherited)",
					"@executable_path/../Frameworks",
				);
				MACOSX_DEPLOYMENT_TARGET = 11.0;
				MARKETING_VERSION = 1.0;
				PRODUCT_BUNDLE_IDENTIFIER = com.so.Example;
				PRODUCT_NAME = Example;
				SDKROOT = macosx;
				SWIFT_EMIT_LOC_STRINGS = YES;
				SWIFT_VERSION = 5.0;
			};
			name = Release;
		};
/* End XCBuildConfiguration section */

/* Begin XCConfigurationList section */
		18AE569226CD134600D94EE1 /* Build configuration list for PBXProject "Example" */ = {
			isa = XCConfigurationList;
			buildConfigurations = (
				18AE56A826CD134700D94EE1 /* Debug */,
				18AE56A926CD134700D94EE1 /* Release */,
			);
			defaultConfigurationIsVisible = 0;
			defaultConfigurationName = Release;
		};
		18AE56AA26CD134700D94EE1 /* Build configuration list for PBXNativeTarget "Example (iOS)" */ = {
			isa = XCConfigurationList;
			buildConfigurations = (
				18AE56AB26CD134700D94EE1 /* Debug */,
				18AE56AC26CD134700D94EE1 /* Release */,
			);
			defaultConfigurationIsVisible = 0;
			defaultConfigurationName = Release;
		};
		18AE56AD26CD134700D94EE1 /* Build configuration list for PBXNativeTarget "Example (macOS)" */ = {
			isa = XCConfigurationList;
			buildConfigurations = (
				18AE56AE26CD134700D94EE1 /* Debug */,
				18AE56AF26CD134700D94EE1 /* Release */,
			);
			defaultConfigurationIsVisible = 0;
			defaultConfigurationName = Release;
		};
/* End XCConfigurationList section */

/* Begin XCSwiftPackageProductDependency section */
		1897038F26CD2B7B00022591 /* Meadow */ = {
			isa = XCSwiftPackageProductDependency;
			productName = Meadow;
		};
		1897039126CD2B8000022591 /* Meadow */ = {
			isa = XCSwiftPackageProductDependency;
			productName = Meadow;
		};
/* End XCSwiftPackageProductDependency section */

/* Begin XCVersionGroup section */
		183B543A26EF38B1004C00EE /* Example.xcdatamodeld */ = {
			isa = XCVersionGroup;
			children = (
				183B543B26EF38B1004C00EE /* Example.xcdatamodel */,
			);
			currentVersion = 183B543B26EF38B1004C00EE /* Example.xcdatamodel */;
			path = Example.xcdatamodeld;
			sourceTree = "<group>";
			versionGroupType = wrapper.xcdatamodel;
		};
/* End XCVersionGroup section */
	};
	rootObject = 18AE568F26CD134600D94EE1 /* Project object */;
}
