{
  "object": {
    "pins": [
      {
        "package": "Euclid",
        "repositoryURL": "https://github.com/CaptainRedmuff/Euclid.git",
        "state": {
          "branch": "feature/vertex_color_component",
          "revision": "d1c55c72097558e3051b4744aff9c64349de5594",
          "version": null
        }
      }
    ]
  },
  "version": 1
}
